
Microsoft Visual Studio Solution File, Format Version 12.00
# Visual Studio Version 17
VisualStudioVersion = 17.11.35312.102
MinimumVisualStudioVersion = 10.0.40219.1
Project("{FAE04EC0-301F-11D3-BF4B-00C04F79EFBC}") = "SchulungQotd.Mvc", "SchulungQotd.Mvc\SchulungQotd.Mvc.csproj", "{5DD41DAB-42D3-475F-B769-F69BD72F9891}"
EndProject
Project("{FAE04EC0-301F-11D3-BF4B-00C04F79EFBC}") = "SchulungQotd.Domain", "SchulungQotd.Domain\SchulungQotd.Domain.csproj", "{D3017153-0976-4B71-BFC3-7333213FE70D}"
EndProject
Project("{FAE04EC0-301F-11D3-BF4B-00C04F79EFBC}") = "SchulungQotd.Data", "SchulungQotd.Data\SchulungQotd.Data.csproj", "{704B8246-9255-44A0-98FE-167A20169EDB}"
EndProject
Global
	GlobalSection(SolutionConfigurationPlatforms) = preSolution
		Debug|Any CPU = Debug|Any CPU
		Release|Any CPU = Release|Any CPU
	EndGlobalSection
	GlobalSection(ProjectConfigurationPlatforms) = postSolution
		{5DD41DAB-42D3-475F-B769-F69BD72F9891}.Debug|Any CPU.ActiveCfg = Debug|Any CPU
		{5DD41DAB-42D3-475F-B769-F69BD72F9891}.Debug|Any CPU.Build.0 = Debug|Any CPU
		{5DD41DAB-42D3-475F-B769-F69BD72F9891}.Release|Any CPU.ActiveCfg = Release|Any CPU
		{5DD41DAB-42D3-475F-B769-F69BD72F9891}.Release|Any CPU.Build.0 = Release|Any CPU
		{D3017153-0976-4B71-BFC3-7333213FE70D}.Debug|Any CPU.ActiveCfg = Debug|Any CPU
		{D3017153-0976-4B71-BFC3-7333213FE70D}.Debug|Any CPU.Build.0 = Debug|Any CPU
		{D3017153-0976-4B71-BFC3-7333213FE70D}.Release|Any CPU.ActiveCfg = Release|Any CPU
		{D3017153-0976-4B71-BFC3-7333213FE70D}.Release|Any CPU.Build.0 = Release|Any CPU
		{704B8246-9255-44A0-98FE-167A20169EDB}.Debug|Any CPU.ActiveCfg = Debug|Any CPU
		{704B8246-9255-44A0-98FE-167A20169EDB}.Debug|Any CPU.Build.0 = Debug|Any CPU
		{704B8246-9255-44A0-98FE-167A20169EDB}.Release|Any CPU.ActiveCfg = Release|Any CPU
		{704B8246-9255-44A0-98FE-167A20169EDB}.Release|Any CPU.Build.0 = Release|Any CPU
	EndGlobalSection
	GlobalSection(SolutionProperties) = preSolution
		HideSolutionNode = FALSE
	EndGlobalSection
	GlobalSection(ExtensibilityGlobals) = postSolution
		SolutionGuid = {19DF5972-FD77-467D-A6E1-B3C25F6B8EBA}
	EndGlobalSection
EndGlobal
