
Microsoft Visual Studio Solution File, Format Version 12.00
# Visual Studio Version 17
VisualStudioVersion = 17.11.35312.102
MinimumVisualStudioVersion = 10.0.40219.1
Project("{9A19103F-16F7-4668-BE54-9A1E7A4F7556}") = "SchulungQotd.Mvc", "SchulungQotd.Mvc\SchulungQotd.Mvc.csproj", "{5DD41DAB-42D3-475F-B769-F69BD72F9891}"
EndProject
Project("{9A19103F-16F7-4668-BE54-9A1E7A4F7556}") = "SchulungQotd.Domain", "SchulungQotd.Domain\SchulungQotd.Domain.csproj", "{D3017153-0976-4B71-BFC3-7333213FE70D}"
EndProject
Project("{9A19103F-16F7-4668-BE54-9A1E7A4F7556}") = "SchulungQotd.Data", "SchulungQotd.Data\SchulungQotd.Data.csproj", "{704B8246-9255-44A0-98FE-167A20169EDB}"
EndProject
Project("{9A19103F-16F7-4668-BE54-9A1E7A4F7556}") = "SchulungQotd.Service", "SchulungQotd.Service\SchulungQotd.Service.csproj", "{9C313D31-B285-49BD-9427-31674656BDF8}"
EndProject
Global
	GlobalSection(SolutionConfigurationPlatforms) = preSolution
		Debug|Any CPU = Debug|Any CPU
		Release|Any CPU = Release|Any CPU
	EndGlobalSection
	GlobalSection(ProjectConfigurationPlatforms) = postSolution
		{5DD41DAB-42D3-475F-B769-F69BD72F9891}.Debug|Any CPU.ActiveCfg = Debug|Any CPU
		{5DD41DAB-42D3-475F-B769-F69BD72F9891}.Debug|Any CPU.Build.0 = Debug|Any CPU
		{5DD41DAB-42D3-475F-B769-F69BD72F9891}.Release|Any CPU.ActiveCfg = Release|Any CPU
		{5DD41DAB-42D3-475F-B769-F69BD72F9891}.Release|Any CPU.Build.0 = Release|Any CPU
		{D3017153-0976-4B71-BFC3-7333213FE70D}.Debug|Any CPU.ActiveCfg = Debug|Any CPU
		{D3017153-0976-4B71-BFC3-7333213FE70D}.Debug|Any CPU.Build.0 = Debug|Any CPU
		{D3017153-0976-4B71-BFC3-7333213FE70D}.Release|Any CPU.ActiveCfg = Release|Any CPU
		{D3017153-0976-4B71-BFC3-7333213FE70D}.Release|Any CPU.Build.0 = Release|Any CPU
		{704B8246-9255-44A0-98FE-167A20169EDB}.Debug|Any CPU.ActiveCfg = Debug|Any CPU
		{704B8246-9255-44A0-98FE-167A20169EDB}.Debug|Any CPU.Build.0 = Debug|Any CPU
		{704B8246-9255-44A0-98FE-167A20169EDB}.Release|Any CPU.ActiveCfg = Release|Any CPU
		{704B8246-9255-44A0-98FE-167A20169EDB}.Release|Any CPU.Build.0 = Release|Any CPU
		{9C313D31-B285-49BD-9427-31674656BDF8}.Debug|Any CPU.ActiveCfg = Debug|Any CPU
		{9C313D31-B285-49BD-9427-31674656BDF8}.Debug|Any CPU.Build.0 = Debug|Any CPU
		{9C313D31-B285-49BD-9427-31674656BDF8}.Release|Any CPU.ActiveCfg = Release|Any CPU
		{9C313D31-B285-49BD-9427-31674656BDF8}.Release|Any CPU.Build.0 = Release|Any CPU
	EndGlobalSection
	GlobalSection(SolutionProperties) = preSolution
		HideSolutionNode = FALSE
	EndGlobalSection
	GlobalSection(ExtensibilityGlobals) = postSolution
		SolutionGuid = {19DF5972-FD77-467D-A6E1-B3C25F6B8EBA}
	EndGlobalSection
EndGlobal
